// !$*UTF8*$!
{
	archiveVersion = 1;
	classes = {
	};
	objectVersion = 56;
	objects = {

/* Begin PBXBuildFile section */
		3C27F3092B81E4FB00F0DA28 /* Model.swift in Sources */ = {isa = PBXBuildFile; fileRef = 3C27F3082B81E4FB00F0DA28 /* Model.swift */; };
		3C27F30C2B81EF2D00F0DA28 /* SwiftMath in Frameworks */ = {isa = PBXBuildFile; productRef = 3C27F30B2B81EF2D00F0DA28 /* SwiftMath */; };
		3CA775782B80D970009C525C /* WhisperKit in Frameworks */ = {isa = PBXBuildFile; productRef = 3CA775772B80D970009C525C /* WhisperKit */; };
		3CA7757A2B80D970009C525C /* transcribe in Frameworks */ = {isa = PBXBuildFile; productRef = 3CA775792B80D970009C525C /* transcribe */; };
		3CA7757D2B81B736009C525C /* TestingData.swift in Sources */ = {isa = PBXBuildFile; fileRef = 3CA7757C2B81B736009C525C /* TestingData.swift */; };
		3CA7757F2B81BA7B009C525C /* TranscriptView.swift in Sources */ = {isa = PBXBuildFile; fileRef = 3CA7757E2B81BA7B009C525C /* TranscriptView.swift */; };
		3CA775842B81BDBB009C525C /* LatexVisualization.swift in Sources */ = {isa = PBXBuildFile; fileRef = 3CA775832B81BDBB009C525C /* LatexVisualization.swift */; };
		3CE0199B2B80C879007BB8ED /* WhisperTestApp.swift in Sources */ = {isa = PBXBuildFile; fileRef = 3CE0199A2B80C879007BB8ED /* WhisperTestApp.swift */; };
		3CE0199D2B80C879007BB8ED /* ContentView.swift in Sources */ = {isa = PBXBuildFile; fileRef = 3CE0199C2B80C879007BB8ED /* ContentView.swift */; };
		3CE0199F2B80C87A007BB8ED /* Assets.xcassets in Resources */ = {isa = PBXBuildFile; fileRef = 3CE0199E2B80C87A007BB8ED /* Assets.xcassets */; };
		3CE019A22B80C87A007BB8ED /* Preview Assets.xcassets in Resources */ = {isa = PBXBuildFile; fileRef = 3CE019A12B80C87A007BB8ED /* Preview Assets.xcassets */; };
		3CE019AE2B80C8F8007BB8ED /* WhisperViewModel.swift in Sources */ = {isa = PBXBuildFile; fileRef = 3CE019AD2B80C8F8007BB8ED /* WhisperViewModel.swift */; };
		3CE019BC2B80CFF4007BB8ED /* Files in Frameworks */ = {isa = PBXBuildFile; productRef = 3CE019BB2B80CFF4007BB8ED /* Files */; };
		3CE019C02B80D3DB007BB8ED /* openai_whisper-base.en in Resources */ = {isa = PBXBuildFile; fileRef = 3CE019BF2B80D3DB007BB8ED /* openai_whisper-base.en */; };
/* End PBXBuildFile section */

/* Begin PBXFileReference section */
		3C27F3082B81E4FB00F0DA28 /* Model.swift */ = {isa = PBXFileReference; lastKnownFileType = sourcecode.swift; path = Model.swift; sourceTree = "<group>"; };
		3C27F30D2B81EF5300F0DA28 /* SwiftMath */ = {isa = PBXFileReference; lastKnownFileType = wrapper; name = SwiftMath; path = ../Clones/SwiftMath; sourceTree = "<group>"; };
		3CA7757C2B81B736009C525C /* TestingData.swift */ = {isa = PBXFileReference; lastKnownFileType = sourcecode.swift; path = TestingData.swift; sourceTree = "<group>"; };
		3CA7757E2B81BA7B009C525C /* TranscriptView.swift */ = {isa = PBXFileReference; lastKnownFileType = sourcecode.swift; path = TranscriptView.swift; sourceTree = "<group>"; };
		3CA775832B81BDBB009C525C /* LatexVisualization.swift */ = {isa = PBXFileReference; lastKnownFileType = sourcecode.swift; path = LatexVisualization.swift; sourceTree = "<group>"; };
		3CE019972B80C879007BB8ED /* WhisperTest.app */ = {isa = PBXFileReference; explicitFileType = wrapper.application; includeInIndex = 0; path = WhisperTest.app; sourceTree = BUILT_PRODUCTS_DIR; };
		3CE0199A2B80C879007BB8ED /* WhisperTestApp.swift */ = {isa = PBXFileReference; lastKnownFileType = sourcecode.swift; path = WhisperTestApp.swift; sourceTree = "<group>"; };
		3CE0199C2B80C879007BB8ED /* ContentView.swift */ = {isa = PBXFileReference; lastKnownFileType = sourcecode.swift; path = ContentView.swift; sourceTree = "<group>"; };
		3CE0199E2B80C87A007BB8ED /* Assets.xcassets */ = {isa = PBXFileReference; lastKnownFileType = folder.assetcatalog; path = Assets.xcassets; sourceTree = "<group>"; };
		3CE019A12B80C87A007BB8ED /* Preview Assets.xcassets */ = {isa = PBXFileReference; lastKnownFileType = folder.assetcatalog; path = "Preview Assets.xcassets"; sourceTree = "<group>"; };
		3CE019AD2B80C8F8007BB8ED /* WhisperViewModel.swift */ = {isa = PBXFileReference; lastKnownFileType = sourcecode.swift; path = WhisperViewModel.swift; sourceTree = "<group>"; };
		3CE019BF2B80D3DB007BB8ED /* openai_whisper-base.en */ = {isa = PBXFileReference; lastKnownFileType = folder; path = "openai_whisper-base.en"; sourceTree = "<group>"; };
/* End PBXFileReference section */

/* Begin PBXFrameworksBuildPhase section */
		3CE019942B80C879007BB8ED /* Frameworks */ = {
			isa = PBXFrameworksBuildPhase;
			buildActionMask = 2147483647;
			files = (
				3C27F30C2B81EF2D00F0DA28 /* SwiftMath in Frameworks */,
				3CA775782B80D970009C525C /* WhisperKit in Frameworks */,
				3CA7757A2B80D970009C525C /* transcribe in Frameworks */,
				3CE019BC2B80CFF4007BB8ED /* Files in Frameworks */,
			);
			runOnlyForDeploymentPostprocessing = 0;
		};
/* End PBXFrameworksBuildPhase section */

/* Begin PBXGroup section */
		3CA775852B81BDBE009C525C /* Visualizations */ = {
			isa = PBXGroup;
			children = (
				3CA775832B81BDBB009C525C /* LatexVisualization.swift */,
			);
			path = Visualizations;
			sourceTree = "<group>";
		};
		3CE0198E2B80C879007BB8ED = {
			isa = PBXGroup;
			children = (
				3C27F30D2B81EF5300F0DA28 /* SwiftMath */,
				3CE019992B80C879007BB8ED /* WhisperTest */,
				3CE019982B80C879007BB8ED /* Products */,
			);
			sourceTree = "<group>";
		};
		3CE019982B80C879007BB8ED /* Products */ = {
			isa = PBXGroup;
			children = (
				3CE019972B80C879007BB8ED /* WhisperTest.app */,
			);
			name = Products;
			sourceTree = "<group>";
		};
		3CE019992B80C879007BB8ED /* WhisperTest */ = {
			isa = PBXGroup;
			children = (
				3CE019BF2B80D3DB007BB8ED /* openai_whisper-base.en */,
				3CE0199A2B80C879007BB8ED /* WhisperTestApp.swift */,
				3C27F3082B81E4FB00F0DA28 /* Model.swift */,
				3CE019AD2B80C8F8007BB8ED /* WhisperViewModel.swift */,
				3CA7757C2B81B736009C525C /* TestingData.swift */,
				3CE0199C2B80C879007BB8ED /* ContentView.swift */,
				3CA7757E2B81BA7B009C525C /* TranscriptView.swift */,
				3CA775852B81BDBE009C525C /* Visualizations */,
				3CE0199E2B80C87A007BB8ED /* Assets.xcassets */,
				3CE019A02B80C87A007BB8ED /* Preview Content */,
			);
			path = WhisperTest;
			sourceTree = "<group>";
		};
		3CE019A02B80C87A007BB8ED /* Preview Content */ = {
			isa = PBXGroup;
			children = (
				3CE019A12B80C87A007BB8ED /* Preview Assets.xcassets */,
			);
			path = "Preview Content";
			sourceTree = "<group>";
		};
/* End PBXGroup section */

/* Begin PBXNativeTarget section */
		3CE019962B80C879007BB8ED /* WhisperTest */ = {
			isa = PBXNativeTarget;
			buildConfigurationList = 3CE019A52B80C87A007BB8ED /* Build configuration list for PBXNativeTarget "WhisperTest" */;
			buildPhases = (
				3CE019932B80C879007BB8ED /* Sources */,
				3CE019942B80C879007BB8ED /* Frameworks */,
				3CE019952B80C879007BB8ED /* Resources */,
			);
			buildRules = (
			);
			dependencies = (
			);
			name = WhisperTest;
			packageProductDependencies = (
				3CE019BB2B80CFF4007BB8ED /* Files */,
				3CA775772B80D970009C525C /* WhisperKit */,
				3CA775792B80D970009C525C /* transcribe */,
				3C27F30B2B81EF2D00F0DA28 /* SwiftMath */,
			);
			productName = WhisperTest;
			productReference = 3CE019972B80C879007BB8ED /* WhisperTest.app */;
			productType = "com.apple.product-type.application";
		};
/* End PBXNativeTarget section */

/* Begin PBXProject section */
		3CE0198F2B80C879007BB8ED /* Project object */ = {
			isa = PBXProject;
			attributes = {
				BuildIndependentTargetsInParallel = 1;
				LastSwiftUpdateCheck = 1520;
				LastUpgradeCheck = 1520;
				TargetAttributes = {
					3CE019962B80C879007BB8ED = {
						CreatedOnToolsVersion = 15.2;
					};
				};
			};
			buildConfigurationList = 3CE019922B80C879007BB8ED /* Build configuration list for PBXProject "WhisperTest" */;
			compatibilityVersion = "Xcode 14.0";
			developmentRegion = en;
			hasScannedForEncodings = 0;
			knownRegions = (
				en,
				Base,
			);
			mainGroup = 3CE0198E2B80C879007BB8ED;
			packageReferences = (
				3CE019BA2B80CFF4007BB8ED /* XCRemoteSwiftPackageReference "Files" */,
				3CA775762B80D970009C525C /* XCRemoteSwiftPackageReference "WhisperKit" */,
				3C27F30A2B81EF2D00F0DA28 /* XCRemoteSwiftPackageReference "SwiftMath" */,
			);
			productRefGroup = 3CE019982B80C879007BB8ED /* Products */;
			projectDirPath = "";
			projectRoot = "";
			targets = (
				3CE019962B80C879007BB8ED /* WhisperTest */,
			);
		};
/* End PBXProject section */

/* Begin PBXResourcesBuildPhase section */
		3CE019952B80C879007BB8ED /* Resources */ = {
			isa = PBXResourcesBuildPhase;
			buildActionMask = 2147483647;
			files = (
				3CE019A22B80C87A007BB8ED /* Preview Assets.xcassets in Resources */,
				3CE0199F2B80C87A007BB8ED /* Assets.xcassets in Resources */,
				3CE019C02B80D3DB007BB8ED /* openai_whisper-base.en in Resources */,
			);
			runOnlyForDeploymentPostprocessing = 0;
		};
/* End PBXResourcesBuildPhase section */

/* Begin PBXSourcesBuildPhase section */
		3CE019932B80C879007BB8ED /* Sources */ = {
			isa = PBXSourcesBuildPhase;
			buildActionMask = 2147483647;
			files = (
				3C27F3092B81E4FB00F0DA28 /* Model.swift in Sources */,
				3CA7757D2B81B736009C525C /* TestingData.swift in Sources */,
				3CE0199D2B80C879007BB8ED /* ContentView.swift in Sources */,
				3CE019AE2B80C8F8007BB8ED /* WhisperViewModel.swift in Sources */,
				3CA7757F2B81BA7B009C525C /* TranscriptView.swift in Sources */,
				3CE0199B2B80C879007BB8ED /* WhisperTestApp.swift in Sources */,
				3CA775842B81BDBB009C525C /* LatexVisualization.swift in Sources */,
			);
			runOnlyForDeploymentPostprocessing = 0;
		};
/* End PBXSourcesBuildPhase section */

/* Begin XCBuildConfiguration section */
		3CE019A32B80C87A007BB8ED /* Debug */ = {
			isa = XCBuildConfiguration;
			buildSettings = {
				ALWAYS_SEARCH_USER_PATHS = NO;
				ASSETCATALOG_COMPILER_GENERATE_SWIFT_ASSET_SYMBOL_EXTENSIONS = YES;
				CLANG_ANALYZER_NONNULL = YES;
				CLANG_ANALYZER_NUMBER_OBJECT_CONVERSION = YES_AGGRESSIVE;
				CLANG_CXX_LANGUAGE_STANDARD = "gnu++20";
				CLANG_ENABLE_MODULES = YES;
				CLANG_ENABLE_OBJC_ARC = YES;
				CLANG_ENABLE_OBJC_WEAK = YES;
				CLANG_WARN_BLOCK_CAPTURE_AUTORELEASING = YES;
				CLANG_WARN_BOOL_CONVERSION = YES;
				CLANG_WARN_COMMA = YES;
				CLANG_WARN_CONSTANT_CONVERSION = YES;
				CLANG_WARN_DEPRECATED_OBJC_IMPLEMENTATIONS = YES;
				CLANG_WARN_DIRECT_OBJC_ISA_USAGE = YES_ERROR;
				CLANG_WARN_DOCUMENTATION_COMMENTS = YES;
				CLANG_WARN_EMPTY_BODY = YES;
				CLANG_WARN_ENUM_CONVERSION = YES;
				CLANG_WARN_INFINITE_RECURSION = YES;
				CLANG_WARN_INT_CONVERSION = YES;
				CLANG_WARN_NON_LITERAL_NULL_CONVERSION = YES;
				CLANG_WARN_OBJC_IMPLICIT_RETAIN_SELF = YES;
				CLANG_WARN_OBJC_LITERAL_CONVERSION = YES;
				CLANG_WARN_OBJC_ROOT_CLASS = YES_ERROR;
				CLANG_WARN_QUOTED_INCLUDE_IN_FRAMEWORK_HEADER = YES;
				CLANG_WARN_RANGE_LOOP_ANALYSIS = YES;
				CLANG_WARN_STRICT_PROTOTYPES = YES;
				CLANG_WARN_SUSPICIOUS_MOVE = YES;
				CLANG_WARN_UNGUARDED_AVAILABILITY = YES_AGGRESSIVE;
				CLANG_WARN_UNREACHABLE_CODE = YES;
				CLANG_WARN__DUPLICATE_METHOD_MATCH = YES;
				COPY_PHASE_STRIP = NO;
				DEBUG_INFORMATION_FORMAT = dwarf;
				ENABLE_STRICT_OBJC_MSGSEND = YES;
				ENABLE_TESTABILITY = YES;
				ENABLE_USER_SCRIPT_SANDBOXING = YES;
				GCC_C_LANGUAGE_STANDARD = gnu17;
				GCC_DYNAMIC_NO_PIC = NO;
				GCC_NO_COMMON_BLOCKS = YES;
				GCC_OPTIMIZATION_LEVEL = 0;
				GCC_PREPROCESSOR_DEFINITIONS = (
					"DEBUG=1",
					"$(inherited)",
				);
				GCC_WARN_64_TO_32_BIT_CONVERSION = YES;
				GCC_WARN_ABOUT_RETURN_TYPE = YES_ERROR;
				GCC_WARN_UNDECLARED_SELECTOR = YES;
				GCC_WARN_UNINITIALIZED_AUTOS = YES_AGGRESSIVE;
				GCC_WARN_UNUSED_FUNCTION = YES;
				GCC_WARN_UNUSED_VARIABLE = YES;
				IPHONEOS_DEPLOYMENT_TARGET = 17.2;
				LOCALIZATION_PREFERS_STRING_CATALOGS = YES;
				MTL_ENABLE_DEBUG_INFO = INCLUDE_SOURCE;
				MTL_FAST_MATH = YES;
				ONLY_ACTIVE_ARCH = YES;
				SDKROOT = iphoneos;
				SWIFT_ACTIVE_COMPILATION_CONDITIONS = "DEBUG $(inherited)";
				SWIFT_OPTIMIZATION_LEVEL = "-Onone";
			};
			name = Debug;
		};
		3CE019A42B80C87A007BB8ED /* Release */ = {
			isa = XCBuildConfiguration;
			buildSettings = {
				ALWAYS_SEARCH_USER_PATHS = NO;
				ASSETCATALOG_COMPILER_GENERATE_SWIFT_ASSET_SYMBOL_EXTENSIONS = YES;
				CLANG_ANALYZER_NONNULL = YES;
				CLANG_ANALYZER_NUMBER_OBJECT_CONVERSION = YES_AGGRESSIVE;
				CLANG_CXX_LANGUAGE_STANDARD = "gnu++20";
				CLANG_ENABLE_MODULES = YES;
				CLANG_ENABLE_OBJC_ARC = YES;
				CLANG_ENABLE_OBJC_WEAK = YES;
				CLANG_WARN_BLOCK_CAPTURE_AUTORELEASING = YES;
				CLANG_WARN_BOOL_CONVERSION = YES;
				CLANG_WARN_COMMA = YES;
				CLANG_WARN_CONSTANT_CONVERSION = YES;
				CLANG_WARN_DEPRECATED_OBJC_IMPLEMENTATIONS = YES;
				CLANG_WARN_DIRECT_OBJC_ISA_USAGE = YES_ERROR;
				CLANG_WARN_DOCUMENTATION_COMMENTS = YES;
				CLANG_WARN_EMPTY_BODY = YES;
				CLANG_WARN_ENUM_CONVERSION = YES;
				CLANG_WARN_INFINITE_RECURSION = YES;
				CLANG_WARN_INT_CONVERSION = YES;
				CLANG_WARN_NON_LITERAL_NULL_CONVERSION = YES;
				CLANG_WARN_OBJC_IMPLICIT_RETAIN_SELF = YES;
				CLANG_WARN_OBJC_LITERAL_CONVERSION = YES;
				CLANG_WARN_OBJC_ROOT_CLASS = YES_ERROR;
				CLANG_WARN_QUOTED_INCLUDE_IN_FRAMEWORK_HEADER = YES;
				CLANG_WARN_RANGE_LOOP_ANALYSIS = YES;
				CLANG_WARN_STRICT_PROTOTYPES = YES;
				CLANG_WARN_SUSPICIOUS_MOVE = YES;
				CLANG_WARN_UNGUARDED_AVAILABILITY = YES_AGGRESSIVE;
				CLANG_WARN_UNREACHABLE_CODE = YES;
				CLANG_WARN__DUPLICATE_METHOD_MATCH = YES;
				COPY_PHASE_STRIP = NO;
				DEBUG_INFORMATION_FORMAT = "dwarf-with-dsym";
				ENABLE_NS_ASSERTIONS = NO;
				ENABLE_STRICT_OBJC_MSGSEND = YES;
				ENABLE_USER_SCRIPT_SANDBOXING = YES;
				GCC_C_LANGUAGE_STANDARD = gnu17;
				GCC_NO_COMMON_BLOCKS = YES;
				GCC_WARN_64_TO_32_BIT_CONVERSION = YES;
				GCC_WARN_ABOUT_RETURN_TYPE = YES_ERROR;
				GCC_WARN_UNDECLARED_SELECTOR = YES;
				GCC_WARN_UNINITIALIZED_AUTOS = YES_AGGRESSIVE;
				GCC_WARN_UNUSED_FUNCTION = YES;
				GCC_WARN_UNUSED_VARIABLE = YES;
				IPHONEOS_DEPLOYMENT_TARGET = 17.2;
				LOCALIZATION_PREFERS_STRING_CATALOGS = YES;
				MTL_ENABLE_DEBUG_INFO = NO;
				MTL_FAST_MATH = YES;
				SDKROOT = iphoneos;
				SWIFT_COMPILATION_MODE = wholemodule;
				VALIDATE_PRODUCT = YES;
			};
			name = Release;
		};
		3CE019A62B80C87A007BB8ED /* Debug */ = {
			isa = XCBuildConfiguration;
			buildSettings = {
				ASSETCATALOG_COMPILER_APPICON_NAME = AppIcon;
				ASSETCATALOG_COMPILER_GLOBAL_ACCENT_COLOR_NAME = AccentColor;
				CODE_SIGN_STYLE = Automatic;
				CURRENT_PROJECT_VERSION = 1;
				DEVELOPMENT_ASSET_PATHS = "\"WhisperTest/Preview Content\"";
				DEVELOPMENT_TEAM = WV6XDLHK3W;
				ENABLE_PREVIEWS = YES;
				GENERATE_INFOPLIST_FILE = YES;
				INFOPLIST_KEY_NSMicrophoneUsageDescription = Treehacks;
				INFOPLIST_KEY_UIApplicationSceneManifest_Generation = YES;
				INFOPLIST_KEY_UIApplicationSupportsIndirectInputEvents = YES;
				INFOPLIST_KEY_UILaunchScreen_Generation = YES;
				INFOPLIST_KEY_UISupportedInterfaceOrientations_iPad = "UIInterfaceOrientationPortrait UIInterfaceOrientationPortraitUpsideDown UIInterfaceOrientationLandscapeLeft UIInterfaceOrientationLandscapeRight";
				INFOPLIST_KEY_UISupportedInterfaceOrientations_iPhone = "UIInterfaceOrientationPortrait UIInterfaceOrientationLandscapeLeft UIInterfaceOrientationLandscapeRight";
				LD_RUNPATH_SEARCH_PATHS = (
					"$(inherited)",
					"@executable_path/Frameworks",
				);
				MARKETING_VERSION = 1.0;
				PRODUCT_BUNDLE_IDENTIFIER = app.getfind.WhisperTest;
				PRODUCT_NAME = "$(TARGET_NAME)";
				SUPPORTED_PLATFORMS = "iphoneos iphonesimulator xros xrsimulator";
				SUPPORTS_MACCATALYST = NO;
				SWIFT_EMIT_LOC_STRINGS = YES;
				SWIFT_VERSION = 5.0;
				TARGETED_DEVICE_FAMILY = "1,2,7";
			};
			name = Debug;
		};
		3CE019A72B80C87A007BB8ED /* Release */ = {
			isa = XCBuildConfiguration;
			buildSettings = {
				ASSETCATALOG_COMPILER_APPICON_NAME = AppIcon;
				ASSETCATALOG_COMPILER_GLOBAL_ACCENT_COLOR_NAME = AccentColor;
				CODE_SIGN_STYLE = Automatic;
				CURRENT_PROJECT_VERSION = 1;
				DEVELOPMENT_ASSET_PATHS = "\"WhisperTest/Preview Content\"";
				DEVELOPMENT_TEAM = WV6XDLHK3W;
				ENABLE_PREVIEWS = YES;
				GENERATE_INFOPLIST_FILE = YES;
				INFOPLIST_KEY_NSMicrophoneUsageDescription = Treehacks;
				INFOPLIST_KEY_UIApplicationSceneManifest_Generation = YES;
				INFOPLIST_KEY_UIApplicationSupportsIndirectInputEvents = YES;
				INFOPLIST_KEY_UILaunchScreen_Generation = YES;
				INFOPLIST_KEY_UISupportedInterfaceOrientations_iPad = "UIInterfaceOrientationPortrait UIInterfaceOrientationPortraitUpsideDown UIInterfaceOrientationLandscapeLeft UIInterfaceOrientationLandscapeRight";
				INFOPLIST_KEY_UISupportedInterfaceOrientations_iPhone = "UIInterfaceOrientationPortrait UIInterfaceOrientationLandscapeLeft UIInterfaceOrientationLandscapeRight";
				LD_RUNPATH_SEARCH_PATHS = (
					"$(inherited)",
					"@executable_path/Frameworks",
				);
				MARKETING_VERSION = 1.0;
				PRODUCT_BUNDLE_IDENTIFIER = app.getfind.WhisperTest;
				PRODUCT_NAME = "$(TARGET_NAME)";
				SUPPORTED_PLATFORMS = "iphoneos iphonesimulator xros xrsimulator";
				SUPPORTS_MACCATALYST = NO;
				SWIFT_EMIT_LOC_STRINGS = YES;
				SWIFT_VERSION = 5.0;
				TARGETED_DEVICE_FAMILY = "1,2,7";
			};
			name = Release;
		};
/* End XCBuildConfiguration section */

/* Begin XCConfigurationList section */
		3CE019922B80C879007BB8ED /* Build configuration list for PBXProject "WhisperTest" */ = {
			isa = XCConfigurationList;
			buildConfigurations = (
				3CE019A32B80C87A007BB8ED /* Debug */,
				3CE019A42B80C87A007BB8ED /* Release */,
			);
			defaultConfigurationIsVisible = 0;
			defaultConfigurationName = Release;
		};
		3CE019A52B80C87A007BB8ED /* Build configuration list for PBXNativeTarget "WhisperTest" */ = {
			isa = XCConfigurationList;
			buildConfigurations = (
				3CE019A62B80C87A007BB8ED /* Debug */,
				3CE019A72B80C87A007BB8ED /* Release */,
			);
			defaultConfigurationIsVisible = 0;
			defaultConfigurationName = Release;
		};
/* End XCConfigurationList section */

/* Begin XCRemoteSwiftPackageReference section */
		3C27F30A2B81EF2D00F0DA28 /* XCRemoteSwiftPackageReference "SwiftMath" */ = {
			isa = XCRemoteSwiftPackageReference;
			repositoryURL = "https://github.com/aheze/SwiftMath";
			requirement = {
				branch = main;
				kind = branch;
			};
		};
		3CA775762B80D970009C525C /* XCRemoteSwiftPackageReference "WhisperKit" */ = {
			isa = XCRemoteSwiftPackageReference;
			repositoryURL = "https://github.com/aheze/WhisperKit";
			requirement = {
				branch = main;
				kind = branch;
			};
		};
		3CE019BA2B80CFF4007BB8ED /* XCRemoteSwiftPackageReference "Files" */ = {
			isa = XCRemoteSwiftPackageReference;
			repositoryURL = "https://github.com/JohnSundell/Files";
			requirement = {
				kind = upToNextMajorVersion;
				minimumVersion = 4.2.0;
			};
		};
/* End XCRemoteSwiftPackageReference section */

/* Begin XCSwiftPackageProductDependency section */
		3C27F30B2B81EF2D00F0DA28 /* SwiftMath */ = {
			isa = XCSwiftPackageProductDependency;
			package = 3C27F30A2B81EF2D00F0DA28 /* XCRemoteSwiftPackageReference "SwiftMath" */;
			productName = SwiftMath;
		};
		3CA775772B80D970009C525C /* WhisperKit */ = {
			isa = XCSwiftPackageProductDependency;
			package = 3CA775762B80D970009C525C /* XCRemoteSwiftPackageReference "WhisperKit" */;
			productName = WhisperKit;
		};
		3CA775792B80D970009C525C /* transcribe */ = {
			isa = XCSwiftPackageProductDependency;
			package = 3CA775762B80D970009C525C /* XCRemoteSwiftPackageReference "WhisperKit" */;
			productName = transcribe;
		};
		3CE019BB2B80CFF4007BB8ED /* Files */ = {
			isa = XCSwiftPackageProductDependency;
			package = 3CE019BA2B80CFF4007BB8ED /* XCRemoteSwiftPackageReference "Files" */;
			productName = Files;
		};
/* End XCSwiftPackageProductDependency section */
	};
	rootObject = 3CE0198F2B80C879007BB8ED /* Project object */;
}
